// !$*UTF8*$!
{
	archiveVersion = 1;
	classes = {
	};
	objectVersion = 50;
	objects = {

/* Begin PBXBuildFile section */
		A21C3E39268CC1E900BC527F /* WelcomeViewController.swift in Sources */ = {isa = PBXBuildFile; fileRef = A21C3E38268CC1E900BC527F /* WelcomeViewController.swift */; };
		A21C3E3B268CC1F900BC527F /* WaterViewController.swift in Sources */ = {isa = PBXBuildFile; fileRef = A21C3E3A268CC1F900BC527F /* WaterViewController.swift */; };
		A21C3E3D268CC20A00BC527F /* SleepViewController.swift in Sources */ = {isa = PBXBuildFile; fileRef = A21C3E3C268CC20A00BC527F /* SleepViewController.swift */; };
		A2A9D345268B97B700CBC97F /* AppDelegate.swift in Sources */ = {isa = PBXBuildFile; fileRef = A2A9D344268B97B700CBC97F /* AppDelegate.swift */; };
		A2A9D347268B97B700CBC97F /* SceneDelegate.swift in Sources */ = {isa = PBXBuildFile; fileRef = A2A9D346268B97B700CBC97F /* SceneDelegate.swift */; };
		A2A9D349268B97B700CBC97F /* ViewController.swift in Sources */ = {isa = PBXBuildFile; fileRef = A2A9D348268B97B700CBC97F /* ViewController.swift */; };
		A2A9D34C268B97B700CBC97F /* Main.storyboard in Resources */ = {isa = PBXBuildFile; fileRef = A2A9D34A268B97B700CBC97F /* Main.storyboard */; };
		A2A9D34F268B97B700CBC97F /* finalProject.xcdatamodeld in Sources */ = {isa = PBXBuildFile; fileRef = A2A9D34D268B97B700CBC97F /* finalProject.xcdatamodeld */; };
		A2A9D351268B97BB00CBC97F /* Assets.xcassets in Resources */ = {isa = PBXBuildFile; fileRef = A2A9D350268B97BB00CBC97F /* Assets.xcassets */; };
		A2A9D354268B97BB00CBC97F /* LaunchScreen.storyboard in Resources */ = {isa = PBXBuildFile; fileRef = A2A9D352268B97BB00CBC97F /* LaunchScreen.storyboard */; };
		A2BF65E6268CD3E7007B57EF /* ToDo.swift in Sources */ = {isa = PBXBuildFile; fileRef = A2BF65E5268CD3E7007B57EF /* ToDo.swift */; };
		A2BF65E8268CD421007B57EF /* ToDoTableViewController.swift in Sources */ = {isa = PBXBuildFile; fileRef = A2BF65E7268CD421007B57EF /* ToDoTableViewController.swift */; };
		A2BF65EA268CD49A007B57EF /* AddToDoViewController.swift in Sources */ = {isa = PBXBuildFile; fileRef = A2BF65E9268CD49A007B57EF /* AddToDoViewController.swift */; };
		A2BF65EC268CD4B9007B57EF /* CompleteToDoViewController.swift in Sources */ = {isa = PBXBuildFile; fileRef = A2BF65EB268CD4B9007B57EF /* CompleteToDoViewController.swift */; };
/* End PBXBuildFile section */

/* Begin PBXFileReference section */
		A21C3E38268CC1E900BC527F /* WelcomeViewController.swift */ = {isa = PBXFileReference; lastKnownFileType = sourcecode.swift; path = WelcomeViewController.swift; sourceTree = "<group>"; };
		A21C3E3A268CC1F900BC527F /* WaterViewController.swift */ = {isa = PBXFileReference; lastKnownFileType = sourcecode.swift; path = WaterViewController.swift; sourceTree = "<group>"; };
		A21C3E3C268CC20A00BC527F /* SleepViewController.swift */ = {isa = PBXFileReference; lastKnownFileType = sourcecode.swift; path = SleepViewController.swift; sourceTree = "<group>"; };
		A2A9D341268B97B700CBC97F /* finalProject.app */ = {isa = PBXFileReference; explicitFileType = wrapper.application; includeInIndex = 0; path = finalProject.app; sourceTree = BUILT_PRODUCTS_DIR; };
		A2A9D344268B97B700CBC97F /* AppDelegate.swift */ = {isa = PBXFileReference; lastKnownFileType = sourcecode.swift; path = AppDelegate.swift; sourceTree = "<group>"; };
		A2A9D346268B97B700CBC97F /* SceneDelegate.swift */ = {isa = PBXFileReference; lastKnownFileType = sourcecode.swift; path = SceneDelegate.swift; sourceTree = "<group>"; };
		A2A9D348268B97B700CBC97F /* ViewController.swift */ = {isa = PBXFileReference; lastKnownFileType = sourcecode.swift; path = ViewController.swift; sourceTree = "<group>"; };
		A2A9D34B268B97B700CBC97F /* Base */ = {isa = PBXFileReference; lastKnownFileType = file.storyboard; name = Base; path = Base.lproj/Main.storyboard; sourceTree = "<group>"; };
		A2A9D34E268B97B700CBC97F /* finalProject.xcdatamodel */ = {isa = PBXFileReference; lastKnownFileType = wrapper.xcdatamodel; path = finalProject.xcdatamodel; sourceTree = "<group>"; };
		A2A9D350268B97BB00CBC97F /* Assets.xcassets */ = {isa = PBXFileReference; lastKnownFileType = folder.assetcatalog; path = Assets.xcassets; sourceTree = "<group>"; };
		A2A9D353268B97BB00CBC97F /* Base */ = {isa = PBXFileReference; lastKnownFileType = file.storyboard; name = Base; path = Base.lproj/LaunchScreen.storyboard; sourceTree = "<group>"; };
		A2A9D355268B97BB00CBC97F /* Info.plist */ = {isa = PBXFileReference; lastKnownFileType = text.plist.xml; path = Info.plist; sourceTree = "<group>"; };
		A2BF65E5268CD3E7007B57EF /* ToDo.swift */ = {isa = PBXFileReference; lastKnownFileType = sourcecode.swift; path = ToDo.swift; sourceTree = "<group>"; };
		A2BF65E7268CD421007B57EF /* ToDoTableViewController.swift */ = {isa = PBXFileReference; lastKnownFileType = sourcecode.swift; path = ToDoTableViewController.swift; sourceTree = "<group>"; };
		A2BF65E9268CD49A007B57EF /* AddToDoViewController.swift */ = {isa = PBXFileReference; lastKnownFileType = sourcecode.swift; path = AddToDoViewController.swift; sourceTree = "<group>"; };
		A2BF65EB268CD4B9007B57EF /* CompleteToDoViewController.swift */ = {isa = PBXFileReference; lastKnownFileType = sourcecode.swift; path = CompleteToDoViewController.swift; sourceTree = "<group>"; };
/* End PBXFileReference section */

/* Begin PBXFrameworksBuildPhase section */
		A2A9D33E268B97B700CBC97F /* Frameworks */ = {
			isa = PBXFrameworksBuildPhase;
			buildActionMask = 2147483647;
			files = (
			);
			runOnlyForDeploymentPostprocessing = 0;
		};
/* End PBXFrameworksBuildPhase section */

/* Begin PBXGroup section */
		A2A9D338268B97B700CBC97F = {
			isa = PBXGroup;
			children = (
				A2A9D343268B97B700CBC97F /* finalProject */,
				A2A9D342268B97B700CBC97F /* Products */,
			);
			sourceTree = "<group>";
		};
		A2A9D342268B97B700CBC97F /* Products */ = {
			isa = PBXGroup;
			children = (
				A2A9D341268B97B700CBC97F /* finalProject.app */,
			);
			name = Products;
			sourceTree = "<group>";
		};
		A2A9D343268B97B700CBC97F /* finalProject */ = {
			isa = PBXGroup;
			children = (
				A2A9D344268B97B700CBC97F /* AppDelegate.swift */,
				A2A9D346268B97B700CBC97F /* SceneDelegate.swift */,
				A2A9D348268B97B700CBC97F /* ViewController.swift */,
				A2A9D34A268B97B700CBC97F /* Main.storyboard */,
				A21C3E3C268CC20A00BC527F /* SleepViewController.swift */,
				A21C3E3A268CC1F900BC527F /* WaterViewController.swift */,
				A2BF65E5268CD3E7007B57EF /* ToDo.swift */,
				A2BF65E7268CD421007B57EF /* ToDoTableViewController.swift */,
				A21C3E38268CC1E900BC527F /* WelcomeViewController.swift */,
				A2BF65E9268CD49A007B57EF /* AddToDoViewController.swift */,
				A2BF65EB268CD4B9007B57EF /* CompleteToDoViewController.swift */,
				A2A9D350268B97BB00CBC97F /* Assets.xcassets */,
				A2A9D352268B97BB00CBC97F /* LaunchScreen.storyboard */,
				A2A9D355268B97BB00CBC97F /* Info.plist */,
				A2A9D34D268B97B700CBC97F /* finalProject.xcdatamodeld */,
			);
			path = finalProject;
			sourceTree = "<group>";
		};
/* End PBXGroup section */

/* Begin PBXNativeTarget section */
		A2A9D340268B97B700CBC97F /* finalProject */ = {
			isa = PBXNativeTarget;
			buildConfigurationList = A2A9D358268B97BB00CBC97F /* Build configuration list for PBXNativeTarget "finalProject" */;
			buildPhases = (
				A2A9D33D268B97B700CBC97F /* Sources */,
				A2A9D33E268B97B700CBC97F /* Frameworks */,
				A2A9D33F268B97B700CBC97F /* Resources */,
			);
			buildRules = (
			);
			dependencies = (
			);
			name = finalProject;
			productName = finalProject;
			productReference = A2A9D341268B97B700CBC97F /* finalProject.app */;
			productType = "com.apple.product-type.application";
		};
/* End PBXNativeTarget section */

/* Begin PBXProject section */
		A2A9D339268B97B700CBC97F /* Project object */ = {
			isa = PBXProject;
			attributes = {
				LastSwiftUpdateCheck = 1250;
				LastUpgradeCheck = 1250;
				TargetAttributes = {
					A2A9D340268B97B700CBC97F = {
						CreatedOnToolsVersion = 12.5.1;
					};
				};
			};
			buildConfigurationList = A2A9D33C268B97B700CBC97F /* Build configuration list for PBXProject "finalProject" */;
			compatibilityVersion = "Xcode 9.3";
			developmentRegion = en;
			hasScannedForEncodings = 0;
			knownRegions = (
				en,
				Base,
			);
			mainGroup = A2A9D338268B97B700CBC97F;
			productRefGroup = A2A9D342268B97B700CBC97F /* Products */;
			projectDirPath = "";
			projectRoot = "";
			targets = (
				A2A9D340268B97B700CBC97F /* finalProject */,
			);
		};
/* End PBXProject section */

/* Begin PBXResourcesBuildPhase section */
		A2A9D33F268B97B700CBC97F /* Resources */ = {
			isa = PBXResourcesBuildPhase;
			buildActionMask = 2147483647;
			files = (
				A2A9D354268B97BB00CBC97F /* LaunchScreen.storyboard in Resources */,
				A2A9D351268B97BB00CBC97F /* Assets.xcassets in Resources */,
				A2A9D34C268B97B700CBC97F /* Main.storyboard in Resources */,
			);
			runOnlyForDeploymentPostprocessing = 0;
		};
/* End PBXResourcesBuildPhase section */

/* Begin PBXSourcesBuildPhase section */
		A2A9D33D268B97B700CBC97F /* Sources */ = {
			isa = PBXSourcesBuildPhase;
			buildActionMask = 2147483647;
			files = (
				A2A9D349268B97B700CBC97F /* ViewController.swift in Sources */,
				A2BF65E8268CD421007B57EF /* ToDoTableViewController.swift in Sources */,
				A2BF65EA268CD49A007B57EF /* AddToDoViewController.swift in Sources */,
				A21C3E39268CC1E900BC527F /* WelcomeViewController.swift in Sources */,
				A2BF65EC268CD4B9007B57EF /* CompleteToDoViewController.swift in Sources */,
				A21C3E3D268CC20A00BC527F /* SleepViewController.swift in Sources */,
				A2BF65E6268CD3E7007B57EF /* ToDo.swift in Sources */,
				A21C3E3B268CC1F900BC527F /* WaterViewController.swift in Sources */,
				A2A9D345268B97B700CBC97F /* AppDelegate.swift in Sources */,
				A2A9D34F268B97B700CBC97F /* finalProject.xcdatamodeld in Sources */,
				A2A9D347268B97B700CBC97F /* SceneDelegate.swift in Sources */,
			);
			runOnlyForDeploymentPostprocessing = 0;
		};
/* End PBXSourcesBuildPhase section */

/* Begin PBXVariantGroup section */
		A2A9D34A268B97B700CBC97F /* Main.storyboard */ = {
			isa = PBXVariantGroup;
			children = (
				A2A9D34B268B97B700CBC97F /* Base */,
			);
			name = Main.storyboard;
			sourceTree = "<group>";
		};
		A2A9D352268B97BB00CBC97F /* LaunchScreen.storyboard */ = {
			isa = PBXVariantGroup;
			children = (
				A2A9D353268B97BB00CBC97F /* Base */,
			);
			name = LaunchScreen.storyboard;
			sourceTree = "<group>";
		};
/* End PBXVariantGroup section */

/* Begin XCBuildConfiguration section */
		A2A9D356268B97BB00CBC97F /* Debug */ = {
			isa = XCBuildConfiguration;
			buildSettings = {
				ALWAYS_SEARCH_USER_PATHS = NO;
				CLANG_ANALYZER_NONNULL = YES;
				CLANG_ANALYZER_NUMBER_OBJECT_CONVERSION = YES_AGGRESSIVE;
				CLANG_CXX_LANGUAGE_STANDARD = "gnu++14";
				CLANG_CXX_LIBRARY = "libc++";
				CLANG_ENABLE_MODULES = YES;
				CLANG_ENABLE_OBJC_ARC = YES;
				CLANG_ENABLE_OBJC_WEAK = YES;
				CLANG_WARN_BLOCK_CAPTURE_AUTORELEASING = YES;
				CLANG_WARN_BOOL_CONVERSION = YES;
				CLANG_WARN_COMMA = YES;
				CLANG_WARN_CONSTANT_CONVERSION = YES;
				CLANG_WARN_DEPRECATED_OBJC_IMPLEMENTATIONS = YES;
				CLANG_WARN_DIRECT_OBJC_ISA_USAGE = YES_ERROR;
				CLANG_WARN_DOCUMENTATION_COMMENTS = YES;
				CLANG_WARN_EMPTY_BODY = YES;
				CLANG_WARN_ENUM_CONVERSION = YES;
				CLANG_WARN_INFINITE_RECURSION = YES;
				CLANG_WARN_INT_CONVERSION = YES;
				CLANG_WARN_NON_LITERAL_NULL_CONVERSION = YES;
				CLANG_WARN_OBJC_IMPLICIT_RETAIN_SELF = YES;
				CLANG_WARN_OBJC_LITERAL_CONVERSION = YES;
				CLANG_WARN_OBJC_ROOT_CLASS = YES_ERROR;
				CLANG_WARN_QUOTED_INCLUDE_IN_FRAMEWORK_HEADER = YES;
				CLANG_WARN_RANGE_LOOP_ANALYSIS = YES;
				CLANG_WARN_STRICT_PROTOTYPES = YES;
				CLANG_WARN_SUSPICIOUS_MOVE = YES;
				CLANG_WARN_UNGUARDED_AVAILABILITY = YES_AGGRESSIVE;
				CLANG_WARN_UNREACHABLE_CODE = YES;
				CLANG_WARN__DUPLICATE_METHOD_MATCH = YES;
				COPY_PHASE_STRIP = NO;
				DEBUG_INFORMATION_FORMAT = dwarf;
				ENABLE_STRICT_OBJC_MSGSEND = YES;
				ENABLE_TESTABILITY = YES;
				GCC_C_LANGUAGE_STANDARD = gnu11;
				GCC_DYNAMIC_NO_PIC = NO;
				GCC_NO_COMMON_BLOCKS = YES;
				GCC_OPTIMIZATION_LEVEL = 0;
				GCC_PREPROCESSOR_DEFINITIONS = (
					"DEBUG=1",
					"$(inherited)",
				);
				GCC_WARN_64_TO_32_BIT_CONVERSION = YES;
				GCC_WARN_ABOUT_RETURN_TYPE = YES_ERROR;
				GCC_WARN_UNDECLARED_SELECTOR = YES;
				GCC_WARN_UNINITIALIZED_AUTOS = YES_AGGRESSIVE;
				GCC_WARN_UNUSED_FUNCTION = YES;
				GCC_WARN_UNUSED_VARIABLE = YES;
				IPHONEOS_DEPLOYMENT_TARGET = 14.5;
				MTL_ENABLE_DEBUG_INFO = INCLUDE_SOURCE;
				MTL_FAST_MATH = YES;
				ONLY_ACTIVE_ARCH = YES;
				SDKROOT = iphoneos;
				SWIFT_ACTIVE_COMPILATION_CONDITIONS = DEBUG;
				SWIFT_OPTIMIZATION_LEVEL = "-Onone";
			};
			name = Debug;
		};
		A2A9D357268B97BB00CBC97F /* Release */ = {
			isa = XCBuildConfiguration;
			buildSettings = {
				ALWAYS_SEARCH_USER_PATHS = NO;
				CLANG_ANALYZER_NONNULL = YES;
				CLANG_ANALYZER_NUMBER_OBJECT_CONVERSION = YES_AGGRESSIVE;
				CLANG_CXX_LANGUAGE_STANDARD = "gnu++14";
				CLANG_CXX_LIBRARY = "libc++";
				CLANG_ENABLE_MODULES = YES;
				CLANG_ENABLE_OBJC_ARC = YES;
				CLANG_ENABLE_OBJC_WEAK = YES;
				CLANG_WARN_BLOCK_CAPTURE_AUTORELEASING = YES;
				CLANG_WARN_BOOL_CONVERSION = YES;
				CLANG_WARN_COMMA = YES;
				CLANG_WARN_CONSTANT_CONVERSION = YES;
				CLANG_WARN_DEPRECATED_OBJC_IMPLEMENTATIONS = YES;
				CLANG_WARN_DIRECT_OBJC_ISA_USAGE = YES_ERROR;
				CLANG_WARN_DOCUMENTATION_COMMENTS = YES;
				CLANG_WARN_EMPTY_BODY = YES;
				CLANG_WARN_ENUM_CONVERSION = YES;
				CLANG_WARN_INFINITE_RECURSION = YES;
				CLANG_WARN_INT_CONVERSION = YES;
				CLANG_WARN_NON_LITERAL_NULL_CONVERSION = YES;
				CLANG_WARN_OBJC_IMPLICIT_RETAIN_SELF = YES;
				CLANG_WARN_OBJC_LITERAL_CONVERSION = YES;
				CLANG_WARN_OBJC_ROOT_CLASS = YES_ERROR;
				CLANG_WARN_QUOTED_INCLUDE_IN_FRAMEWORK_HEADER = YES;
				CLANG_WARN_RANGE_LOOP_ANALYSIS = YES;
				CLANG_WARN_STRICT_PROTOTYPES = YES;
				CLANG_WARN_SUSPICIOUS_MOVE = YES;
				CLANG_WARN_UNGUARDED_AVAILABILITY = YES_AGGRESSIVE;
				CLANG_WARN_UNREACHABLE_CODE = YES;
				CLANG_WARN__DUPLICATE_METHOD_MATCH = YES;
				COPY_PHASE_STRIP = NO;
				DEBUG_INFORMATION_FORMAT = "dwarf-with-dsym";
				ENABLE_NS_ASSERTIONS = NO;
				ENABLE_STRICT_OBJC_MSGSEND = YES;
				GCC_C_LANGUAGE_STANDARD = gnu11;
				GCC_NO_COMMON_BLOCKS = YES;
				GCC_WARN_64_TO_32_BIT_CONVERSION = YES;
				GCC_WARN_ABOUT_RETURN_TYPE = YES_ERROR;
				GCC_WARN_UNDECLARED_SELECTOR = YES;
				GCC_WARN_UNINITIALIZED_AUTOS = YES_AGGRESSIVE;
				GCC_WARN_UNUSED_FUNCTION = YES;
				GCC_WARN_UNUSED_VARIABLE = YES;
				IPHONEOS_DEPLOYMENT_TARGET = 14.5;
				MTL_ENABLE_DEBUG_INFO = NO;
				MTL_FAST_MATH = YES;
				SDKROOT = iphoneos;
				SWIFT_COMPILATION_MODE = wholemodule;
				SWIFT_OPTIMIZATION_LEVEL = "-O";
				VALIDATE_PRODUCT = YES;
			};
			name = Release;
		};
		A2A9D359268B97BB00CBC97F /* Debug */ = {
			isa = XCBuildConfiguration;
			buildSettings = {
				ASSETCATALOG_COMPILER_APPICON_NAME = AppIcon;
				ASSETCATALOG_COMPILER_GLOBAL_ACCENT_COLOR_NAME = AccentColor;
				CODE_SIGN_STYLE = Automatic;
				INFOPLIST_FILE = finalProject/Info.plist;
				LD_RUNPATH_SEARCH_PATHS = (
					"$(inherited)",
					"@executable_path/Frameworks",
				);
				PRODUCT_BUNDLE_IDENTIFIER = com.example.finalProject;
				PRODUCT_NAME = "$(TARGET_NAME)";
				SWIFT_VERSION = 5.0;
				TARGETED_DEVICE_FAMILY = "1,2";
			};
			name = Debug;
		};
		A2A9D35A268B97BB00CBC97F /* Release */ = {
			isa = XCBuildConfiguration;
			buildSettings = {
				ASSETCATALOG_COMPILER_APPICON_NAME = AppIcon;
				ASSETCATALOG_COMPILER_GLOBAL_ACCENT_COLOR_NAME = AccentColor;
				CODE_SIGN_STYLE = Automatic;
				INFOPLIST_FILE = finalProject/Info.plist;
				LD_RUNPATH_SEARCH_PATHS = (
					"$(inherited)",
					"@executable_path/Frameworks",
				);
				PRODUCT_BUNDLE_IDENTIFIER = com.example.finalProject;
				PRODUCT_NAME = "$(TARGET_NAME)";
				SWIFT_VERSION = 5.0;
				TARGETED_DEVICE_FAMILY = "1,2";
			};
			name = Release;
		};
/* End XCBuildConfiguration section */

/* Begin XCConfigurationList section */
		A2A9D33C268B97B700CBC97F /* Build configuration list for PBXProject "finalProject" */ = {
			isa = XCConfigurationList;
			buildConfigurations = (
				A2A9D356268B97BB00CBC97F /* Debug */,
				A2A9D357268B97BB00CBC97F /* Release */,
			);
			defaultConfigurationIsVisible = 0;
			defaultConfigurationName = Release;
		};
		A2A9D358268B97BB00CBC97F /* Build configuration list for PBXNativeTarget "finalProject" */ = {
			isa = XCConfigurationList;
			buildConfigurations = (
				A2A9D359268B97BB00CBC97F /* Debug */,
				A2A9D35A268B97BB00CBC97F /* Release */,
			);
			defaultConfigurationIsVisible = 0;
			defaultConfigurationName = Release;
		};
/* End XCConfigurationList section */

/* Begin XCVersionGroup section */
		A2A9D34D268B97B700CBC97F /* finalProject.xcdatamodeld */ = {
			isa = XCVersionGroup;
			children = (
				A2A9D34E268B97B700CBC97F /* finalProject.xcdatamodel */,
			);
			currentVersion = A2A9D34E268B97B700CBC97F /* finalProject.xcdatamodel */;
			path = finalProject.xcdatamodeld;
			sourceTree = "<group>";
			versionGroupType = wrapper.xcdatamodel;
		};
/* End XCVersionGroup section */
	};
	rootObject = A2A9D339268B97B700CBC97F /* Project object */;
}
